# This file is generated by running "yarn install" inside your project.
# Manual changes might be lost - proceed with caution!

__metadata:
  version: 8
  cacheKey: 10c0

"@prettier/plugin-xml@npm:^3.4.2":
  version: 3.4.2
  resolution: "@prettier/plugin-xml@npm:3.4.2"
  dependencies:
    "@xml-tools/parser": "npm:^1.0.11"
  peerDependencies:
    prettier: ^3.0.0
  checksum: 10c0/e5343e71b3c2850d879bb4390d9918dab1238eb79adefb1357a4e4c7207a19a1ac8192a967112325e1280f0d6bda397014fd83df6f8844e0afac5e2d747a814b
  languageName: node
  linkType: hard

"@xml-tools/parser@npm:^1.0.11":
  version: 1.0.11
  resolution: "@xml-tools/parser@npm:1.0.11"
  dependencies:
    chevrotain: "npm:7.1.1"
  checksum: 10c0/5abc75163d6b2ac8e9006a54576523513535953237463297137c5a3665ce1b9d220b77b6dbb68ab93df3fab40bbc98bbb10e90dd690fd7646fdb021323827971
  languageName: node
  linkType: hard

"chevrotain@npm:7.1.1":
  version: 7.1.1
  resolution: "chevrotain@npm:7.1.1"
  dependencies:
    regexp-to-ast: "npm:0.5.0"
  checksum: 10c0/3fbbb7a30fb87a4cd141a28bdfa2851f54fde4099aa92071442b47605dfc5974eee0388ec25a517087fcea4dcc1f0ce6b371bc975591346327829aa83b3c843d
  languageName: node
  linkType: hard

"prettier@npm:^3.6.2":
  version: 3.6.2
  resolution: "prettier@npm:3.6.2"
  bin:
    prettier: bin/prettier.cjs
  checksum: 10c0/488cb2f2b99ec13da1e50074912870217c11edaddedeadc649b1244c749d15ba94e846423d062e2c4c9ae683e2d65f754de28889ba06e697ac4f988d44f45812
  languageName: node
  linkType: hard

"regexp-to-ast@npm:0.5.0":
  version: 0.5.0
  resolution: "regexp-to-ast@npm:0.5.0"
  checksum: 10c0/16d3c3905fb24866c3bff689ab177c1e63a7283a3cd1ba95987ef86020526f9827f5c60794197311f0e8a967889131142fe7a2e5ed3523ffe2ac9f55052e1566
  languageName: node
  linkType: hard

"root-workspace-0b6124@workspace:.":
  version: 0.0.0-use.local
  resolution: "root-workspace-0b6124@workspace:."
  dependencies:
    "@prettier/plugin-xml": "npm:^3.4.2"
    prettier: "npm:^3.6.2"
  languageName: unknown
  linkType: soft
