# This file is generated by running "yarn install" inside your project.
# Manual changes might be lost - proceed with caution!

__metadata:
  version: 8
  cacheKey: 10c0

"@prettier/plugin-xml@npm:^3.4.1":
  version: 3.4.1
  resolution: "@prettier/plugin-xml@npm:3.4.1"
  dependencies:
    "@xml-tools/parser": "npm:^1.0.11"
  peerDependencies:
    prettier: ^3.0.0
  checksum: 10c0/39bdc3d6e475ed4f804ea4dad8ad66c1e36743935eefde87bf9a68c44434695e74e52c8c6d70239de12dae141153f8979cce0b1c5c8f820693ff1f62bbe66044
  languageName: node
  linkType: hard

"@xml-tools/parser@npm:^1.0.11":
  version: 1.0.11
  resolution: "@xml-tools/parser@npm:1.0.11"
  dependencies:
    chevrotain: "npm:7.1.1"
  checksum: 10c0/5abc75163d6b2ac8e9006a54576523513535953237463297137c5a3665ce1b9d220b77b6dbb68ab93df3fab40bbc98bbb10e90dd690fd7646fdb021323827971
  languageName: node
  linkType: hard

"chevrotain@npm:7.1.1":
  version: 7.1.1
  resolution: "chevrotain@npm:7.1.1"
  dependencies:
    regexp-to-ast: "npm:0.5.0"
  checksum: 10c0/3fbbb7a30fb87a4cd141a28bdfa2851f54fde4099aa92071442b47605dfc5974eee0388ec25a517087fcea4dcc1f0ce6b371bc975591346327829aa83b3c843d
  languageName: node
  linkType: hard

"prettier@npm:^3.3.3":
  version: 3.3.3
  resolution: "prettier@npm:3.3.3"
  bin:
    prettier: bin/prettier.cjs
  checksum: 10c0/b85828b08e7505716324e4245549b9205c0cacb25342a030ba8885aba2039a115dbcf75a0b7ca3b37bc9d101ee61fab8113fc69ca3359f2a226f1ecc07ad2e26
  languageName: node
  linkType: hard

"regexp-to-ast@npm:0.5.0":
  version: 0.5.0
  resolution: "regexp-to-ast@npm:0.5.0"
  checksum: 10c0/16d3c3905fb24866c3bff689ab177c1e63a7283a3cd1ba95987ef86020526f9827f5c60794197311f0e8a967889131142fe7a2e5ed3523ffe2ac9f55052e1566
  languageName: node
  linkType: hard

"root-workspace-0b6124@workspace:.":
  version: 0.0.0-use.local
  resolution: "root-workspace-0b6124@workspace:."
  dependencies:
    "@prettier/plugin-xml": "npm:^3.4.1"
    prettier: "npm:^3.3.3"
  languageName: unknown
  linkType: soft
